{
    "_readme": [
        "This file locks the dependencies of your project to a known state",
        "Read more about it at https://getcomposer.org/doc/01-basic-usage.md#composer-lock-the-lock-file",
        "This file is @generated automatically"
    ],
    "hash": "6b61c9cc4c6ef32033e2a75a79f4c3af",
    "content-hash": "a27fd36e220559cbdaa880dcbf000da8",
    "packages": [
        {
            "name": "workerman/channel",
            "version": "v1.0.3",
            "source": {
                "type": "git",
                "url": "https://github.com/walkor/Channel.git",
                "reference": "1425baf00f6342bfee89b726326225a8b6a8ea80"
            },
            "dist": {
                "type": "zip",
                "url": "https://packagist.phpcomposer.com/files/walkor/Channel/1425baf00f6342bfee89b726326225a8b6a8ea80.zip",
                "reference": "1425baf00f6342bfee89b726326225a8b6a8ea80",
                "shasum": ""
            },
            "require": {
                "workerman/workerman": ">=3.3.0"
            },
            "type": "project",
            "autoload": {
                "psr-4": {
                    "Channel\\": "./src"
                }
            },
            "notification-url": "https://packagist.org/downloads/",
            "license": [
                "MIT"
            ],
            "homepage": "http://www.workerman.net",
            "time": "2016-04-07 07:26:43"
        },
        {
            "name": "workerman/workerman",
            "version": "v3.3.7",
            "source": {
                "type": "git",
                "url": "https://github.com/walkor/Workerman.git",
                "reference": "d466c0f4b37c6cfb4f27c69b158175c7e7ccc24c"
            },
            "dist": {
                "type": "zip",
                "url": "https://packagist.phpcomposer.com/files/walkor/Workerman/d466c0f4b37c6cfb4f27c69b158175c7e7ccc24c.zip",
                "reference": "d466c0f4b37c6cfb4f27c69b158175c7e7ccc24c",
                "shasum": ""
            },
            "require": {
                "php": ">=5.3"
            },
            "suggest": {
                "ext-event": "For better performance."
            },
            "type": "library",
            "autoload": {
                "psr-4": {
                    "Workerman\\": "./"
                }
            },
            "notification-url": "https://packagist.org/downloads/",
            "license": [
                "MIT"
            ],
            "authors": [
                {
                    "name": "walkor",
                    "email": "walkor@workerman.net",
                    "homepage": "http://www.workerman.net",
                    "role": "Developer"
                }
            ],
            "description": "An asynchronous event driven PHP framework for easily building fast, scalable network applications.",
            "homepage": "http://www.workerman.net",
            "keywords": [
                "asynchronous",
                "event-loop"
            ],
            "time": "2017-02-02 02:52:58"
        }
    ],
    "packages-dev": [],
    "aliases": [],
    "minimum-stability": "stable",
    "stability-flags": [],
    "prefer-stable": false,
    "prefer-lowest": false,
    "platform": [],
    "platform-dev": []
}
